
Microsoft Visual Studio Solution File, Format Version 12.00
# Visual Studio Version 17
VisualStudioVersion = 17.9.34728.123
MinimumVisualStudioVersion = 10.0.40219.1
Project("{FAE04EC0-301F-11D3-BF4B-00C04F79EFBC}") = "tabuada", "tabuada\tabuada.csproj", "{49BECB3E-1FE1-459F-8C4E-D82E97477BFE}"
EndProject
Global
	GlobalSection(SolutionConfigurationPlatforms) = preSolution
		Debug|Any CPU = Debug|Any CPU
		Release|Any CPU = Release|Any CPU
	EndGlobalSection
	GlobalSection(ProjectConfigurationPlatforms) = postSolution
		{49BECB3E-1FE1-459F-8C4E-D82E97477BFE}.Debug|Any CPU.ActiveCfg = Debug|Any CPU
		{49BECB3E-1FE1-459F-8C4E-D82E97477BFE}.Debug|Any CPU.Build.0 = Debug|Any CPU
		{49BECB3E-1FE1-459F-8C4E-D82E97477BFE}.Release|Any CPU.ActiveCfg = Release|Any CPU
		{49BECB3E-1FE1-459F-8C4E-D82E97477BFE}.Release|Any CPU.Build.0 = Release|Any CPU
	EndGlobalSection
	GlobalSection(SolutionProperties) = preSolution
		HideSolutionNode = FALSE
	EndGlobalSection
	GlobalSection(ExtensibilityGlobals) = postSolution
		SolutionGuid = {3EA01D87-46CE-4D9B-8F06-12425F7F4227}
	EndGlobalSection
EndGlobal
